# This file is automatically @generated by Poetry 1.7.1 and should not be changed by hand.

[[package]]
name = "importlib-resources"
version = "6.0.1"
description = "Read resources from Python packages"
optional = false
python-versions = "*"
files = []

[[package]]
name = "pydantic"
version = "2.5.1"
description = "Data validation using Python type hints"
optional = false
python-versions = "*"
files = []

[[package]]
name = "z3-solver"
version = "4.12.2.0"
description = "an efficient SMT solver library"
optional = false
python-versions = "*"
files = []

[metadata]
lock-version = "2.0"
python-versions = ">=3.8,<4.0"
content-hash = "053ec14173449fbc455d5fa4decc7c327613b87bbb553318ff3535b59b95e5f8"
